
Microsoft Visual Studio Solution File, Format Version 12.00
Project("{8BC9CEB8-8B4A-11D0-8D11-00A0C91BC942}") = "AlgoritmStudy", "AlgoritmStudy\AlgoritmStudy.vcxproj", "{CE39CA03-9D9B-4A72-965E-595F89DCA89D}"
EndProject
Project("{2150E333-8FDC-42A3-9474-1A3956D46DE8}") = "Dijkstra", "Dijkstra", "{26C0D2CF-2A59-4E7D-92BB-8B67CAAD6FB4}"
EndProject
Project("{8BC9CEB8-8B4A-11D0-8D11-00A0C91BC942}") = "Dijkstra_01", "Dijkstra_01\Dijkstra_01.vcxproj", "{125B7382-F188-46BA-968B-E492A209E4B3}"
EndProject
Project("{8BC9CEB8-8B4A-11D0-8D11-00A0C91BC942}") = "Dijkstra_01_Review", "Dijkstra_01_Review\Dijkstra_01_Review.vcxproj", "{4CA6C4EE-353E-431F-9330-7E04F9DEA975}"
EndProject
Project("{2150E333-8FDC-42A3-9474-1A3956D46DE8}") = "Review", "Review", "{B458B369-B919-4538-AC1A-30EFCDD14B6D}"
EndProject
Project("{2150E333-8FDC-42A3-9474-1A3956D46DE8}") = "SolveProblem", "SolveProblem", "{C2C83BA5-3D36-4AC5-A38A-71731BD3411D}"
EndProject
Project("{8BC9CEB8-8B4A-11D0-8D11-00A0C91BC942}") = "Delivery", "Delivery\Delivery.vcxproj", "{4E689375-1DDA-4722-B260-23530FAE62F3}"
EndProject
Project("{8BC9CEB8-8B4A-11D0-8D11-00A0C91BC942}") = "BJ_1753", "BJ_1753\BJ_1753.vcxproj", "{D38E2530-9E11-477D-8A7B-BD20A80EA47C}"
EndProject
Global
	GlobalSection(SolutionConfigurationPlatforms) = preSolution
		Debug|Win32 = Debug|Win32
		Debug|x64 = Debug|x64
		Release|Win32 = Release|Win32
		Release|x64 = Release|x64
	EndGlobalSection
	GlobalSection(ProjectConfigurationPlatforms) = postSolution
		{CE39CA03-9D9B-4A72-965E-595F89DCA89D}.Debug|Win32.ActiveCfg = Debug|Win32
		{CE39CA03-9D9B-4A72-965E-595F89DCA89D}.Debug|Win32.Build.0 = Debug|Win32
		{CE39CA03-9D9B-4A72-965E-595F89DCA89D}.Debug|x64.ActiveCfg = Debug|x64
		{CE39CA03-9D9B-4A72-965E-595F89DCA89D}.Debug|x64.Build.0 = Debug|x64
		{CE39CA03-9D9B-4A72-965E-595F89DCA89D}.Release|Win32.ActiveCfg = Release|Win32
		{CE39CA03-9D9B-4A72-965E-595F89DCA89D}.Release|Win32.Build.0 = Release|Win32
		{CE39CA03-9D9B-4A72-965E-595F89DCA89D}.Release|x64.ActiveCfg = Release|x64
		{CE39CA03-9D9B-4A72-965E-595F89DCA89D}.Release|x64.Build.0 = Release|x64
		{125B7382-F188-46BA-968B-E492A209E4B3}.Debug|Win32.ActiveCfg = Debug|Win32
		{125B7382-F188-46BA-968B-E492A209E4B3}.Debug|Win32.Build.0 = Debug|Win32
		{125B7382-F188-46BA-968B-E492A209E4B3}.Debug|x64.ActiveCfg = Debug|x64
		{125B7382-F188-46BA-968B-E492A209E4B3}.Debug|x64.Build.0 = Debug|x64
		{125B7382-F188-46BA-968B-E492A209E4B3}.Release|Win32.ActiveCfg = Release|Win32
		{125B7382-F188-46BA-968B-E492A209E4B3}.Release|Win32.Build.0 = Release|Win32
		{125B7382-F188-46BA-968B-E492A209E4B3}.Release|x64.ActiveCfg = Release|x64
		{125B7382-F188-46BA-968B-E492A209E4B3}.Release|x64.Build.0 = Release|x64
		{4CA6C4EE-353E-431F-9330-7E04F9DEA975}.Debug|Win32.ActiveCfg = Debug|Win32
		{4CA6C4EE-353E-431F-9330-7E04F9DEA975}.Debug|Win32.Build.0 = Debug|Win32
		{4CA6C4EE-353E-431F-9330-7E04F9DEA975}.Debug|x64.ActiveCfg = Debug|x64
		{4CA6C4EE-353E-431F-9330-7E04F9DEA975}.Debug|x64.Build.0 = Debug|x64
		{4CA6C4EE-353E-431F-9330-7E04F9DEA975}.Release|Win32.ActiveCfg = Release|Win32
		{4CA6C4EE-353E-431F-9330-7E04F9DEA975}.Release|Win32.Build.0 = Release|Win32
		{4CA6C4EE-353E-431F-9330-7E04F9DEA975}.Release|x64.ActiveCfg = Release|x64
		{4CA6C4EE-353E-431F-9330-7E04F9DEA975}.Release|x64.Build.0 = Release|x64
		{4E689375-1DDA-4722-B260-23530FAE62F3}.Debug|Win32.ActiveCfg = Debug|Win32
		{4E689375-1DDA-4722-B260-23530FAE62F3}.Debug|Win32.Build.0 = Debug|Win32
		{4E689375-1DDA-4722-B260-23530FAE62F3}.Debug|x64.ActiveCfg = Debug|x64
		{4E689375-1DDA-4722-B260-23530FAE62F3}.Debug|x64.Build.0 = Debug|x64
		{4E689375-1DDA-4722-B260-23530FAE62F3}.Release|Win32.ActiveCfg = Release|Win32
		{4E689375-1DDA-4722-B260-23530FAE62F3}.Release|Win32.Build.0 = Release|Win32
		{4E689375-1DDA-4722-B260-23530FAE62F3}.Release|x64.ActiveCfg = Release|x64
		{4E689375-1DDA-4722-B260-23530FAE62F3}.Release|x64.Build.0 = Release|x64
		{D38E2530-9E11-477D-8A7B-BD20A80EA47C}.Debug|Win32.ActiveCfg = Debug|Win32
		{D38E2530-9E11-477D-8A7B-BD20A80EA47C}.Debug|Win32.Build.0 = Debug|Win32
		{D38E2530-9E11-477D-8A7B-BD20A80EA47C}.Debug|x64.ActiveCfg = Debug|x64
		{D38E2530-9E11-477D-8A7B-BD20A80EA47C}.Debug|x64.Build.0 = Debug|x64
		{D38E2530-9E11-477D-8A7B-BD20A80EA47C}.Release|Win32.ActiveCfg = Release|Win32
		{D38E2530-9E11-477D-8A7B-BD20A80EA47C}.Release|Win32.Build.0 = Release|Win32
		{D38E2530-9E11-477D-8A7B-BD20A80EA47C}.Release|x64.ActiveCfg = Release|x64
		{D38E2530-9E11-477D-8A7B-BD20A80EA47C}.Release|x64.Build.0 = Release|x64
	EndGlobalSection
	GlobalSection(NestedProjects) = preSolution
		{B458B369-B919-4538-AC1A-30EFCDD14B6D} = {26C0D2CF-2A59-4E7D-92BB-8B67CAAD6FB4}
		{4CA6C4EE-353E-431F-9330-7E04F9DEA975} = {B458B369-B919-4538-AC1A-30EFCDD14B6D}
		{C2C83BA5-3D36-4AC5-A38A-71731BD3411D} = {26C0D2CF-2A59-4E7D-92BB-8B67CAAD6FB4}
		{4E689375-1DDA-4722-B260-23530FAE62F3} = {C2C83BA5-3D36-4AC5-A38A-71731BD3411D}
		{D38E2530-9E11-477D-8A7B-BD20A80EA47C} = {C2C83BA5-3D36-4AC5-A38A-71731BD3411D}
		{125B7382-F188-46BA-968B-E492A209E4B3} = {B458B369-B919-4538-AC1A-30EFCDD14B6D}
	EndGlobalSection
EndGlobal
